
Microsoft Visual Studio Solution File, Format Version 12.00
# Visual Studio Version 16
VisualStudioVersion = 16.0.31911.196
MinimumVisualStudioVersion = 10.0.40219.1
Project("{FAE04EC0-301F-11D3-BF4B-00C04F79EFBC}") = "ByteBank.SistemaAgencia", "ByteBank.SistemaAgencia\ByteBank.SistemaAgencia.csproj", "{734B4500-06CD-4492-9412-0F38E165A7F7}"
EndProject
Project("{FAE04EC0-301F-11D3-BF4B-00C04F79EFBC}") = "ByteBank.Modelos", "ByteBank.Modelos\ByteBank.Modelos.csproj", "{F1AF21ED-FF3E-466A-83F4-800DD7B29E03}"
EndProject
Global
	GlobalSection(SolutionConfigurationPlatforms) = preSolution
		Debug|Any CPU = Debug|Any CPU
		Release|Any CPU = Release|Any CPU
	EndGlobalSection
	GlobalSection(ProjectConfigurationPlatforms) = postSolution
		{734B4500-06CD-4492-9412-0F38E165A7F7}.Debug|Any CPU.ActiveCfg = Debug|Any CPU
		{734B4500-06CD-4492-9412-0F38E165A7F7}.Debug|Any CPU.Build.0 = Debug|Any CPU
		{734B4500-06CD-4492-9412-0F38E165A7F7}.Release|Any CPU.ActiveCfg = Release|Any CPU
		{734B4500-06CD-4492-9412-0F38E165A7F7}.Release|Any CPU.Build.0 = Release|Any CPU
		{F1AF21ED-FF3E-466A-83F4-800DD7B29E03}.Debug|Any CPU.ActiveCfg = Debug|Any CPU
		{F1AF21ED-FF3E-466A-83F4-800DD7B29E03}.Debug|Any CPU.Build.0 = Debug|Any CPU
		{F1AF21ED-FF3E-466A-83F4-800DD7B29E03}.Release|Any CPU.ActiveCfg = Release|Any CPU
		{F1AF21ED-FF3E-466A-83F4-800DD7B29E03}.Release|Any CPU.Build.0 = Release|Any CPU
	EndGlobalSection
	GlobalSection(SolutionProperties) = preSolution
		HideSolutionNode = FALSE
	EndGlobalSection
	GlobalSection(ExtensibilityGlobals) = postSolution
		SolutionGuid = {B118B63B-E76C-4FF2-96ED-BCF95A522673}
	EndGlobalSection
EndGlobal
